// !$*UTF8*$!
{
	archiveVersion = 1;
	classes = {
	};
	objectVersion = 46;
	objects = {

/* Begin PBXBuildFile section */
		0216C2BE19AC2B6E0085976E /* Hirai_long_wasshoi.mp3 in Resources */ = {isa = PBXBuildFile; fileRef = 0216C2BD19AC2B6E0085976E /* Hirai_long_wasshoi.mp3 */; };
		024429ED19985F4400CE46A6 /* Foundation.framework in Frameworks */ = {isa = PBXBuildFile; fileRef = 024429EC19985F4400CE46A6 /* Foundation.framework */; };
		024429EF19985F4400CE46A6 /* CoreGraphics.framework in Frameworks */ = {isa = PBXBuildFile; fileRef = 024429EE19985F4400CE46A6 /* CoreGraphics.framework */; };
		024429F119985F4400CE46A6 /* UIKit.framework in Frameworks */ = {isa = PBXBuildFile; fileRef = 024429F019985F4400CE46A6 /* UIKit.framework */; };
		024429F719985F4400CE46A6 /* InfoPlist.strings in Resources */ = {isa = PBXBuildFile; fileRef = 024429F519985F4400CE46A6 /* InfoPlist.strings */; };
		024429F919985F4400CE46A6 /* main.m in Sources */ = {isa = PBXBuildFile; fileRef = 024429F819985F4400CE46A6 /* main.m */; };
		024429FD19985F4400CE46A6 /* MBCAppDelegate.m in Sources */ = {isa = PBXBuildFile; fileRef = 024429FC19985F4400CE46A6 /* MBCAppDelegate.m */; };
		02442A0319985F4400CE46A6 /* MBCViewController.m in Sources */ = {isa = PBXBuildFile; fileRef = 02442A0219985F4400CE46A6 /* MBCViewController.m */; };
		02442A0519985F4400CE46A6 /* Images.xcassets in Resources */ = {isa = PBXBuildFile; fileRef = 02442A0419985F4400CE46A6 /* Images.xcassets */; };
		02442A0C19985F4400CE46A6 /* XCTest.framework in Frameworks */ = {isa = PBXBuildFile; fileRef = 02442A0B19985F4400CE46A6 /* XCTest.framework */; };
		02442A0D19985F4400CE46A6 /* Foundation.framework in Frameworks */ = {isa = PBXBuildFile; fileRef = 024429EC19985F4400CE46A6 /* Foundation.framework */; };
		02442A0E19985F4400CE46A6 /* UIKit.framework in Frameworks */ = {isa = PBXBuildFile; fileRef = 024429F019985F4400CE46A6 /* UIKit.framework */; };
		02442A1619985F4400CE46A6 /* InfoPlist.strings in Resources */ = {isa = PBXBuildFile; fileRef = 02442A1419985F4400CE46A6 /* InfoPlist.strings */; };
		02442A1819985F4400CE46A6 /* wa_shoiTests.m in Sources */ = {isa = PBXBuildFile; fileRef = 02442A1719985F4400CE46A6 /* wa_shoiTests.m */; };
		024C82F919AAE1D00041AE0C /* Main.storyboard in Resources */ = {isa = PBXBuildFile; fileRef = 024429FE19985F4400CE46A6 /* Main.storyboard */; };
		024C82FD19AAE3B40041AE0C /* arrow.png in Resources */ = {isa = PBXBuildFile; fileRef = 024C82FC19AAE3B40041AE0C /* arrow.png */; };
		024C830019AAE4760041AE0C /* start.jpg in Resources */ = {isa = PBXBuildFile; fileRef = 73DAA89519AADAD200A024FF /* start.jpg */; };
		024C830119AAE4760041AE0C /* icon2.png in Resources */ = {isa = PBXBuildFile; fileRef = 73DAA88519AAD91300A024FF /* icon2.png */; };
		024C830219AAE4760041AE0C /* icon1.png in Resources */ = {isa = PBXBuildFile; fileRef = 73DAA88319AAD90A00A024FF /* icon1.png */; };
		024C830319AAE4760041AE0C /* account.jpg in Resources */ = {isa = PBXBuildFile; fileRef = 73DAA88719AAD99F00A024FF /* account.jpg */; };
		024C830419AAE4760041AE0C /* dance.jpg in Resources */ = {isa = PBXBuildFile; fileRef = 73DAA88919AAD9AA00A024FF /* dance.jpg */; };
		024C830519AAE4760041AE0C /* dot.png in Resources */ = {isa = PBXBuildFile; fileRef = 73DAA88D19AAD9C000A024FF /* dot.png */; };
		024C830619AAE4760041AE0C /* arrow2.png in Resources */ = {isa = PBXBuildFile; fileRef = 73DAA88F19AAD9C900A024FF /* arrow2.png */; };
		024C830719AAE4760041AE0C /* dot2.png in Resources */ = {isa = PBXBuildFile; fileRef = 73DAA89119AAD9D200A024FF /* dot2.png */; };
		024C830819AAE4760041AE0C /* reverse_arrow.png in Resources */ = {isa = PBXBuildFile; fileRef = 73DAA89319AAD9DC00A024FF /* reverse_arrow.png */; };
		024C830C19AB44960041AE0C /* Hirai_wasshoi.m4a in Resources */ = {isa = PBXBuildFile; fileRef = 024C830B19AB44960041AE0C /* Hirai_wasshoi.m4a */; };
		025871B519AAD8D600769290 /* WasshoiViewController.m in Sources */ = {isa = PBXBuildFile; fileRef = 025871B419AAD8D600769290 /* WasshoiViewController.m */; };
		025A9D8819B021950019BB60 /* CFNetwork.framework in Frameworks */ = {isa = PBXBuildFile; fileRef = 025A9D8719B021950019BB60 /* CFNetwork.framework */; };
		025A9D8A19B021A20019BB60 /* CoreLocation.framework in Frameworks */ = {isa = PBXBuildFile; fileRef = 025A9D8919B021A20019BB60 /* CoreLocation.framework */; };
		025A9D8C19B021AC0019BB60 /* MobileCoreServices.framework in Frameworks */ = {isa = PBXBuildFile; fileRef = 025A9D8B19B021AC0019BB60 /* MobileCoreServices.framework */; };
		025A9D8E19B021BD0019BB60 /* QuartzCore.framework in Frameworks */ = {isa = PBXBuildFile; fileRef = 025A9D8D19B021BD0019BB60 /* QuartzCore.framework */; };
		025A9D9019B021C70019BB60 /* Security.framework in Frameworks */ = {isa = PBXBuildFile; fileRef = 025A9D8F19B021C70019BB60 /* Security.framework */; };
		025A9D9219B021D00019BB60 /* StoreKit.framework in Frameworks */ = {isa = PBXBuildFile; fileRef = 025A9D9119B021D00019BB60 /* StoreKit.framework */; };
		025A9D9419B021DC0019BB60 /* SystemConfiguration.framework in Frameworks */ = {isa = PBXBuildFile; fileRef = 025A9D9319B021DC0019BB60 /* SystemConfiguration.framework */; };
		0266DFCA19B1CDC2007AEF83 /* libc++.dylib in Frameworks */ = {isa = PBXBuildFile; fileRef = 025A9D9619B1B6180019BB60 /* libc++.dylib */; };
		029CD61519B6104A00588416 /* FriendListsViewController.m in Sources */ = {isa = PBXBuildFile; fileRef = 029CD61419B6104A00588416 /* FriendListsViewController.m */; };
		029CD61719B6128400588416 /* AddressBook.framework in Frameworks */ = {isa = PBXBuildFile; fileRef = 029CD61619B6128400588416 /* AddressBook.framework */; };
		029CD61919B6134100588416 /* AddressBookUI.framework in Frameworks */ = {isa = PBXBuildFile; fileRef = 029CD61819B6134100588416 /* AddressBookUI.framework */; };
		02D6BFA219AB54770022D839 /* SessionViewController.m in Sources */ = {isa = PBXBuildFile; fileRef = 02D6BFA119AB54770022D839 /* SessionViewController.m */; };
		02F3394519B41778005A2C22 /* UserFormViewController.m in Sources */ = {isa = PBXBuildFile; fileRef = 02F3394419B41778005A2C22 /* UserFormViewController.m */; };
		02FBD73819B1C03500A746F6 /* Friend.m in Sources */ = {isa = PBXBuildFile; fileRef = 02FBD73719B1C03500A746F6 /* Friend.m */; };
		5951E4DEFACD459FBA41BBBA /* libPods.a in Frameworks */ = {isa = PBXBuildFile; fileRef = B9FA30B97178473FA0B4F656 /* libPods.a */; };
		732E35F419AD82C1001C73CC /* IntroPage1.xib in Resources */ = {isa = PBXBuildFile; fileRef = 732E35F319AD82C1001C73CC /* IntroPage1.xib */; };
		732E35F619AD834F001C73CC /* IntroPage2.xib in Resources */ = {isa = PBXBuildFile; fileRef = 732E35F519AD834F001C73CC /* IntroPage2.xib */; };
		7386132819B011490064836B /* fuji (1).jpg in Resources */ = {isa = PBXBuildFile; fileRef = 7386132719B011490064836B /* fuji (1).jpg */; };
		7386132A19B0125E0064836B /* IntroPage3.xib in Resources */ = {isa = PBXBuildFile; fileRef = 7386132919B0125E0064836B /* IntroPage3.xib */; };
		73B90FF819AD77DF003E4852 /* IntroViewController.m in Sources */ = {isa = PBXBuildFile; fileRef = 73B90FF719AD77DF003E4852 /* IntroViewController.m */; };
		73DAA88219AAD7EA00A024FF /* image5.jpg in Resources */ = {isa = PBXBuildFile; fileRef = 73DAA88119AAD7EA00A024FF /* image5.jpg */; };
/* End PBXBuildFile section */

/* Begin PBXContainerItemProxy section */
		02442A0F19985F4400CE46A6 /* PBXContainerItemProxy */ = {
			isa = PBXContainerItemProxy;
			containerPortal = 024429E119985F4400CE46A6 /* Project object */;
			proxyType = 1;
			remoteGlobalIDString = 024429E819985F4400CE46A6;
			remoteInfo = "wa-shoi";
		};
/* End PBXContainerItemProxy section */

/* Begin PBXFileReference section */
		0216C2BD19AC2B6E0085976E /* Hirai_long_wasshoi.mp3 */ = {isa = PBXFileReference; lastKnownFileType = audio.mp3; path = Hirai_long_wasshoi.mp3; sourceTree = "<group>"; };
		024429E919985F4400CE46A6 /* wa-shoi.app */ = {isa = PBXFileReference; explicitFileType = wrapper.application; includeInIndex = 0; path = "wa-shoi.app"; sourceTree = BUILT_PRODUCTS_DIR; };
		024429EC19985F4400CE46A6 /* Foundation.framework */ = {isa = PBXFileReference; lastKnownFileType = wrapper.framework; name = Foundation.framework; path = System/Library/Frameworks/Foundation.framework; sourceTree = SDKROOT; };
		024429EE19985F4400CE46A6 /* CoreGraphics.framework */ = {isa = PBXFileReference; lastKnownFileType = wrapper.framework; name = CoreGraphics.framework; path = System/Library/Frameworks/CoreGraphics.framework; sourceTree = SDKROOT; };
		024429F019985F4400CE46A6 /* UIKit.framework */ = {isa = PBXFileReference; lastKnownFileType = wrapper.framework; name = UIKit.framework; path = System/Library/Frameworks/UIKit.framework; sourceTree = SDKROOT; };
		024429F419985F4400CE46A6 /* wa-shoi-Info.plist */ = {isa = PBXFileReference; lastKnownFileType = text.plist.xml; path = "wa-shoi-Info.plist"; sourceTree = "<group>"; };
		024429F619985F4400CE46A6 /* en */ = {isa = PBXFileReference; lastKnownFileType = text.plist.strings; name = en; path = en.lproj/InfoPlist.strings; sourceTree = "<group>"; };
		024429F819985F4400CE46A6 /* main.m */ = {isa = PBXFileReference; lastKnownFileType = sourcecode.c.objc; path = main.m; sourceTree = "<group>"; };
		024429FA19985F4400CE46A6 /* wa-shoi-Prefix.pch */ = {isa = PBXFileReference; lastKnownFileType = sourcecode.c.h; path = "wa-shoi-Prefix.pch"; sourceTree = "<group>"; };
		024429FB19985F4400CE46A6 /* MBCAppDelegate.h */ = {isa = PBXFileReference; lastKnownFileType = sourcecode.c.h; path = MBCAppDelegate.h; sourceTree = "<group>"; };
		024429FC19985F4400CE46A6 /* MBCAppDelegate.m */ = {isa = PBXFileReference; lastKnownFileType = sourcecode.c.objc; path = MBCAppDelegate.m; sourceTree = "<group>"; };
		024429FF19985F4400CE46A6 /* Base */ = {isa = PBXFileReference; lastKnownFileType = file.storyboard; name = Base; path = Base.lproj/Main.storyboard; sourceTree = "<group>"; };
		02442A0119985F4400CE46A6 /* MBCViewController.h */ = {isa = PBXFileReference; lastKnownFileType = sourcecode.c.h; path = MBCViewController.h; sourceTree = "<group>"; };
		02442A0219985F4400CE46A6 /* MBCViewController.m */ = {isa = PBXFileReference; lastKnownFileType = sourcecode.c.objc; path = MBCViewController.m; sourceTree = "<group>"; };
		02442A0419985F4400CE46A6 /* Images.xcassets */ = {isa = PBXFileReference; lastKnownFileType = folder.assetcatalog; path = Images.xcassets; sourceTree = "<group>"; };
		02442A0A19985F4400CE46A6 /* wa-shoiTests.xctest */ = {isa = PBXFileReference; explicitFileType = wrapper.cfbundle; includeInIndex = 0; path = "wa-shoiTests.xctest"; sourceTree = BUILT_PRODUCTS_DIR; };
		02442A0B19985F4400CE46A6 /* XCTest.framework */ = {isa = PBXFileReference; lastKnownFileType = wrapper.framework; name = XCTest.framework; path = Library/Frameworks/XCTest.framework; sourceTree = DEVELOPER_DIR; };
		02442A1319985F4400CE46A6 /* wa-shoiTests-Info.plist */ = {isa = PBXFileReference; lastKnownFileType = text.plist.xml; path = "wa-shoiTests-Info.plist"; sourceTree = "<group>"; };
		02442A1519985F4400CE46A6 /* en */ = {isa = PBXFileReference; lastKnownFileType = text.plist.strings; name = en; path = en.lproj/InfoPlist.strings; sourceTree = "<group>"; };
		02442A1719985F4400CE46A6 /* wa_shoiTests.m */ = {isa = PBXFileReference; lastKnownFileType = sourcecode.c.objc; path = wa_shoiTests.m; sourceTree = "<group>"; };
		024C82FC19AAE3B40041AE0C /* arrow.png */ = {isa = PBXFileReference; lastKnownFileType = image.png; path = arrow.png; sourceTree = "<group>"; };
		024C830B19AB44960041AE0C /* Hirai_wasshoi.m4a */ = {isa = PBXFileReference; lastKnownFileType = file; path = Hirai_wasshoi.m4a; sourceTree = "<group>"; };
		025871B319AAD8D600769290 /* WasshoiViewController.h */ = {isa = PBXFileReference; fileEncoding = 4; lastKnownFileType = sourcecode.c.h; path = WasshoiViewController.h; sourceTree = "<group>"; };
		025871B419AAD8D600769290 /* WasshoiViewController.m */ = {isa = PBXFileReference; fileEncoding = 4; lastKnownFileType = sourcecode.c.objc; path = WasshoiViewController.m; sourceTree = "<group>"; };
		025A9D8719B021950019BB60 /* CFNetwork.framework */ = {isa = PBXFileReference; lastKnownFileType = wrapper.framework; name = CFNetwork.framework; path = System/Library/Frameworks/CFNetwork.framework; sourceTree = SDKROOT; };
		025A9D8919B021A20019BB60 /* CoreLocation.framework */ = {isa = PBXFileReference; lastKnownFileType = wrapper.framework; name = CoreLocation.framework; path = System/Library/Frameworks/CoreLocation.framework; sourceTree = SDKROOT; };
		025A9D8B19B021AC0019BB60 /* MobileCoreServices.framework */ = {isa = PBXFileReference; lastKnownFileType = wrapper.framework; name = MobileCoreServices.framework; path = System/Library/Frameworks/MobileCoreServices.framework; sourceTree = SDKROOT; };
		025A9D8D19B021BD0019BB60 /* QuartzCore.framework */ = {isa = PBXFileReference; lastKnownFileType = wrapper.framework; name = QuartzCore.framework; path = System/Library/Frameworks/QuartzCore.framework; sourceTree = SDKROOT; };
		025A9D8F19B021C70019BB60 /* Security.framework */ = {isa = PBXFileReference; lastKnownFileType = wrapper.framework; name = Security.framework; path = System/Library/Frameworks/Security.framework; sourceTree = SDKROOT; };
		025A9D9119B021D00019BB60 /* StoreKit.framework */ = {isa = PBXFileReference; lastKnownFileType = wrapper.framework; name = StoreKit.framework; path = System/Library/Frameworks/StoreKit.framework; sourceTree = SDKROOT; };
		025A9D9319B021DC0019BB60 /* SystemConfiguration.framework */ = {isa = PBXFileReference; lastKnownFileType = wrapper.framework; name = SystemConfiguration.framework; path = System/Library/Frameworks/SystemConfiguration.framework; sourceTree = SDKROOT; };
		025A9D9519B0E2770019BB60 /* wa-shoi.entitlements */ = {isa = PBXFileReference; lastKnownFileType = text.xml; path = "wa-shoi.entitlements"; sourceTree = "<group>"; };
		025A9D9619B1B6180019BB60 /* libc++.dylib */ = {isa = PBXFileReference; lastKnownFileType = "compiled.mach-o.dylib"; name = "libc++.dylib"; path = "usr/lib/libc++.dylib"; sourceTree = SDKROOT; };
		029CD61319B6104A00588416 /* FriendListsViewController.h */ = {isa = PBXFileReference; fileEncoding = 4; lastKnownFileType = sourcecode.c.h; path = FriendListsViewController.h; sourceTree = "<group>"; };
		029CD61419B6104A00588416 /* FriendListsViewController.m */ = {isa = PBXFileReference; fileEncoding = 4; lastKnownFileType = sourcecode.c.objc; path = FriendListsViewController.m; sourceTree = "<group>"; };
		029CD61619B6128400588416 /* AddressBook.framework */ = {isa = PBXFileReference; lastKnownFileType = wrapper.framework; name = AddressBook.framework; path = System/Library/Frameworks/AddressBook.framework; sourceTree = SDKROOT; };
		029CD61819B6134100588416 /* AddressBookUI.framework */ = {isa = PBXFileReference; lastKnownFileType = wrapper.framework; name = AddressBookUI.framework; path = System/Library/Frameworks/AddressBookUI.framework; sourceTree = SDKROOT; };
		02D6BFA019AB54770022D839 /* SessionViewController.h */ = {isa = PBXFileReference; fileEncoding = 4; lastKnownFileType = sourcecode.c.h; path = SessionViewController.h; sourceTree = "<group>"; };
		02D6BFA119AB54770022D839 /* SessionViewController.m */ = {isa = PBXFileReference; fileEncoding = 4; lastKnownFileType = sourcecode.c.objc; path = SessionViewController.m; sourceTree = "<group>"; };
		02F3394319B41778005A2C22 /* UserFormViewController.h */ = {isa = PBXFileReference; fileEncoding = 4; lastKnownFileType = sourcecode.c.h; path = UserFormViewController.h; sourceTree = "<group>"; };
		02F3394419B41778005A2C22 /* UserFormViewController.m */ = {isa = PBXFileReference; fileEncoding = 4; lastKnownFileType = sourcecode.c.objc; path = UserFormViewController.m; sourceTree = "<group>"; };
		02FBD73619B1C03500A746F6 /* Friend.h */ = {isa = PBXFileReference; fileEncoding = 4; lastKnownFileType = sourcecode.c.h; path = Friend.h; sourceTree = "<group>"; };
		02FBD73719B1C03500A746F6 /* Friend.m */ = {isa = PBXFileReference; fileEncoding = 4; lastKnownFileType = sourcecode.c.objc; path = Friend.m; sourceTree = "<group>"; };
		732E35F319AD82C1001C73CC /* IntroPage1.xib */ = {isa = PBXFileReference; fileEncoding = 4; lastKnownFileType = file.xib; path = IntroPage1.xib; sourceTree = "<group>"; };
		732E35F519AD834F001C73CC /* IntroPage2.xib */ = {isa = PBXFileReference; fileEncoding = 4; lastKnownFileType = file.xib; path = IntroPage2.xib; sourceTree = "<group>"; };
		7386132719B011490064836B /* fuji (1).jpg */ = {isa = PBXFileReference; lastKnownFileType = image.jpeg; path = "fuji (1).jpg"; sourceTree = "<group>"; };
		7386132919B0125E0064836B /* IntroPage3.xib */ = {isa = PBXFileReference; fileEncoding = 4; lastKnownFileType = file.xib; path = IntroPage3.xib; sourceTree = "<group>"; };
		73B90FF619AD77DF003E4852 /* IntroViewController.h */ = {isa = PBXFileReference; fileEncoding = 4; lastKnownFileType = sourcecode.c.h; path = IntroViewController.h; sourceTree = "<group>"; };
		73B90FF719AD77DF003E4852 /* IntroViewController.m */ = {isa = PBXFileReference; fileEncoding = 4; lastKnownFileType = sourcecode.c.objc; path = IntroViewController.m; sourceTree = "<group>"; };
		73DAA88119AAD7EA00A024FF /* image5.jpg */ = {isa = PBXFileReference; lastKnownFileType = image.jpeg; path = image5.jpg; sourceTree = "<group>"; };
		73DAA88319AAD90A00A024FF /* icon1.png */ = {isa = PBXFileReference; lastKnownFileType = image.png; path = icon1.png; sourceTree = "<group>"; };
		73DAA88519AAD91300A024FF /* icon2.png */ = {isa = PBXFileReference; lastKnownFileType = image.png; path = icon2.png; sourceTree = "<group>"; };
		73DAA88719AAD99F00A024FF /* account.jpg */ = {isa = PBXFileReference; lastKnownFileType = image.jpeg; path = account.jpg; sourceTree = "<group>"; };
		73DAA88919AAD9AA00A024FF /* dance.jpg */ = {isa = PBXFileReference; lastKnownFileType = image.jpeg; path = dance.jpg; sourceTree = "<group>"; };
		73DAA88D19AAD9C000A024FF /* dot.png */ = {isa = PBXFileReference; lastKnownFileType = image.png; path = dot.png; sourceTree = "<group>"; };
		73DAA88F19AAD9C900A024FF /* arrow2.png */ = {isa = PBXFileReference; lastKnownFileType = image.png; path = arrow2.png; sourceTree = "<group>"; };
		73DAA89119AAD9D200A024FF /* dot2.png */ = {isa = PBXFileReference; lastKnownFileType = image.png; path = dot2.png; sourceTree = "<group>"; };
		73DAA89319AAD9DC00A024FF /* reverse_arrow.png */ = {isa = PBXFileReference; lastKnownFileType = image.png; path = reverse_arrow.png; sourceTree = "<group>"; };
		73DAA89519AADAD200A024FF /* start.jpg */ = {isa = PBXFileReference; lastKnownFileType = image.jpeg; path = start.jpg; sourceTree = "<group>"; };
		B9FA30B97178473FA0B4F656 /* libPods.a */ = {isa = PBXFileReference; explicitFileType = archive.ar; includeInIndex = 0; path = libPods.a; sourceTree = BUILT_PRODUCTS_DIR; };
		ED9AF92B38474EC594044045 /* Pods.xcconfig */ = {isa = PBXFileReference; includeInIndex = 1; lastKnownFileType = text.xcconfig; name = Pods.xcconfig; path = Pods/Pods.xcconfig; sourceTree = "<group>"; };
/* End PBXFileReference section */

/* Begin PBXFrameworksBuildPhase section */
		024429E619985F4400CE46A6 /* Frameworks */ = {
			isa = PBXFrameworksBuildPhase;
			buildActionMask = 2147483647;
			files = (
				029CD61919B6134100588416 /* AddressBookUI.framework in Frameworks */,
				029CD61719B6128400588416 /* AddressBook.framework in Frameworks */,
				0266DFCA19B1CDC2007AEF83 /* libc++.dylib in Frameworks */,
				025A9D9419B021DC0019BB60 /* SystemConfiguration.framework in Frameworks */,
				025A9D9219B021D00019BB60 /* StoreKit.framework in Frameworks */,
				025A9D9019B021C70019BB60 /* Security.framework in Frameworks */,
				025A9D8E19B021BD0019BB60 /* QuartzCore.framework in Frameworks */,
				025A9D8C19B021AC0019BB60 /* MobileCoreServices.framework in Frameworks */,
				025A9D8A19B021A20019BB60 /* CoreLocation.framework in Frameworks */,
				025A9D8819B021950019BB60 /* CFNetwork.framework in Frameworks */,
				024429EF19985F4400CE46A6 /* CoreGraphics.framework in Frameworks */,
				024429F119985F4400CE46A6 /* UIKit.framework in Frameworks */,
				024429ED19985F4400CE46A6 /* Foundation.framework in Frameworks */,
				5951E4DEFACD459FBA41BBBA /* libPods.a in Frameworks */,
			);
			runOnlyForDeploymentPostprocessing = 0;
		};
		02442A0719985F4400CE46A6 /* Frameworks */ = {
			isa = PBXFrameworksBuildPhase;
			buildActionMask = 2147483647;
			files = (
				02442A0C19985F4400CE46A6 /* XCTest.framework in Frameworks */,
				02442A0E19985F4400CE46A6 /* UIKit.framework in Frameworks */,
				02442A0D19985F4400CE46A6 /* Foundation.framework in Frameworks */,
			);
			runOnlyForDeploymentPostprocessing = 0;
		};
/* End PBXFrameworksBuildPhase section */

/* Begin PBXGroup section */
		024429E019985F4400CE46A6 = {
			isa = PBXGroup;
			children = (
				024429F219985F4400CE46A6 /* wa-shoi */,
				02442A1119985F4400CE46A6 /* wa-shoiTests */,
				024429EB19985F4400CE46A6 /* Frameworks */,
				024429EA19985F4400CE46A6 /* Products */,
				ED9AF92B38474EC594044045 /* Pods.xcconfig */,
			);
			sourceTree = "<group>";
		};
		024429EA19985F4400CE46A6 /* Products */ = {
			isa = PBXGroup;
			children = (
				024429E919985F4400CE46A6 /* wa-shoi.app */,
				02442A0A19985F4400CE46A6 /* wa-shoiTests.xctest */,
			);
			name = Products;
			sourceTree = "<group>";
		};
		024429EB19985F4400CE46A6 /* Frameworks */ = {
			isa = PBXGroup;
			children = (
				029CD61819B6134100588416 /* AddressBookUI.framework */,
				029CD61619B6128400588416 /* AddressBook.framework */,
				025A9D9619B1B6180019BB60 /* libc++.dylib */,
				025A9D9319B021DC0019BB60 /* SystemConfiguration.framework */,
				025A9D9119B021D00019BB60 /* StoreKit.framework */,
				025A9D8F19B021C70019BB60 /* Security.framework */,
				025A9D8D19B021BD0019BB60 /* QuartzCore.framework */,
				025A9D8B19B021AC0019BB60 /* MobileCoreServices.framework */,
				025A9D8919B021A20019BB60 /* CoreLocation.framework */,
				025A9D8719B021950019BB60 /* CFNetwork.framework */,
				024429EC19985F4400CE46A6 /* Foundation.framework */,
				024429EE19985F4400CE46A6 /* CoreGraphics.framework */,
				024429F019985F4400CE46A6 /* UIKit.framework */,
				02442A0B19985F4400CE46A6 /* XCTest.framework */,
				B9FA30B97178473FA0B4F656 /* libPods.a */,
			);
			name = Frameworks;
			sourceTree = "<group>";
		};
		024429F219985F4400CE46A6 /* wa-shoi */ = {
			isa = PBXGroup;
			children = (
				025A9D9519B0E2770019BB60 /* wa-shoi.entitlements */,
				73DAA89519AADAD200A024FF /* start.jpg */,
				73DAA88519AAD91300A024FF /* icon2.png */,
				73DAA88319AAD90A00A024FF /* icon1.png */,
				73DAA88719AAD99F00A024FF /* account.jpg */,
				024C82FC19AAE3B40041AE0C /* arrow.png */,
				73DAA88119AAD7EA00A024FF /* image5.jpg */,
				73DAA88919AAD9AA00A024FF /* dance.jpg */,
				024C830B19AB44960041AE0C /* Hirai_wasshoi.m4a */,
				73DAA88D19AAD9C000A024FF /* dot.png */,
				73DAA88F19AAD9C900A024FF /* arrow2.png */,
				73DAA89119AAD9D200A024FF /* dot2.png */,
				73DAA89319AAD9DC00A024FF /* reverse_arrow.png */,
				7386132719B011490064836B /* fuji (1).jpg */,
				024429FB19985F4400CE46A6 /* MBCAppDelegate.h */,
				024429FC19985F4400CE46A6 /* MBCAppDelegate.m */,
				02FBD73619B1C03500A746F6 /* Friend.h */,
				02FBD73719B1C03500A746F6 /* Friend.m */,
				024429FE19985F4400CE46A6 /* Main.storyboard */,
				732E35F319AD82C1001C73CC /* IntroPage1.xib */,
				732E35F519AD834F001C73CC /* IntroPage2.xib */,
				7386132919B0125E0064836B /* IntroPage3.xib */,
				73B90FF619AD77DF003E4852 /* IntroViewController.h */,
				73B90FF719AD77DF003E4852 /* IntroViewController.m */,
				02442A0119985F4400CE46A6 /* MBCViewController.h */,
				02442A0219985F4400CE46A6 /* MBCViewController.m */,
				025871B319AAD8D600769290 /* WasshoiViewController.h */,
				029CD61319B6104A00588416 /* FriendListsViewController.h */,
				029CD61419B6104A00588416 /* FriendListsViewController.m */,
				025871B419AAD8D600769290 /* WasshoiViewController.m */,
				0216C2BD19AC2B6E0085976E /* Hirai_long_wasshoi.mp3 */,
				02442A0419985F4400CE46A6 /* Images.xcassets */,
				024429F319985F4400CE46A6 /* Supporting Files */,
				02D6BFA019AB54770022D839 /* SessionViewController.h */,
				02D6BFA119AB54770022D839 /* SessionViewController.m */,
				02F3394319B41778005A2C22 /* UserFormViewController.h */,
				02F3394419B41778005A2C22 /* UserFormViewController.m */,
			);
			path = "wa-shoi";
			sourceTree = "<group>";
		};
		024429F319985F4400CE46A6 /* Supporting Files */ = {
			isa = PBXGroup;
			children = (
				024429F419985F4400CE46A6 /* wa-shoi-Info.plist */,
				024429F519985F4400CE46A6 /* InfoPlist.strings */,
				024429F819985F4400CE46A6 /* main.m */,
				024429FA19985F4400CE46A6 /* wa-shoi-Prefix.pch */,
			);
			name = "Supporting Files";
			sourceTree = "<group>";
		};
		02442A1119985F4400CE46A6 /* wa-shoiTests */ = {
			isa = PBXGroup;
			children = (
				02442A1719985F4400CE46A6 /* wa_shoiTests.m */,
				02442A1219985F4400CE46A6 /* Supporting Files */,
			);
			path = "wa-shoiTests";
			sourceTree = "<group>";
		};
		02442A1219985F4400CE46A6 /* Supporting Files */ = {
			isa = PBXGroup;
			children = (
				02442A1319985F4400CE46A6 /* wa-shoiTests-Info.plist */,
				02442A1419985F4400CE46A6 /* InfoPlist.strings */,
			);
			name = "Supporting Files";
			sourceTree = "<group>";
		};
/* End PBXGroup section */

/* Begin PBXNativeTarget section */
		024429E819985F4400CE46A6 /* wa-shoi */ = {
			isa = PBXNativeTarget;
			buildConfigurationList = 02442A1B19985F4400CE46A6 /* Build configuration list for PBXNativeTarget "wa-shoi" */;
			buildPhases = (
				591458F3AD6C414DB0DD8A99 /* Check Pods Manifest.lock */,
				024429E519985F4400CE46A6 /* Sources */,
				024429E619985F4400CE46A6 /* Frameworks */,
				024429E719985F4400CE46A6 /* Resources */,
				1FA50169314745189C94E9C9 /* Copy Pods Resources */,
			);
			buildRules = (
			);
			dependencies = (
			);
			name = "wa-shoi";
			productName = "wa-shoi";
			productReference = 024429E919985F4400CE46A6 /* wa-shoi.app */;
			productType = "com.apple.product-type.application";
		};
		02442A0919985F4400CE46A6 /* wa-shoiTests */ = {
			isa = PBXNativeTarget;
			buildConfigurationList = 02442A1E19985F4400CE46A6 /* Build configuration list for PBXNativeTarget "wa-shoiTests" */;
			buildPhases = (
				02442A0619985F4400CE46A6 /* Sources */,
				02442A0719985F4400CE46A6 /* Frameworks */,
				02442A0819985F4400CE46A6 /* Resources */,
			);
			buildRules = (
			);
			dependencies = (
				02442A1019985F4400CE46A6 /* PBXTargetDependency */,
			);
			name = "wa-shoiTests";
			productName = "wa-shoiTests";
			productReference = 02442A0A19985F4400CE46A6 /* wa-shoiTests.xctest */;
			productType = "com.apple.product-type.bundle.unit-test";
		};
/* End PBXNativeTarget section */

/* Begin PBXProject section */
		024429E119985F4400CE46A6 /* Project object */ = {
			isa = PBXProject;
			attributes = {
				CLASSPREFIX = MBC;
				LastUpgradeCheck = 0510;
				ORGANIZATIONNAME = yuki.moriyama;
				TargetAttributes = {
					024429E819985F4400CE46A6 = {
						DevelopmentTeam = 54D42N829V;
						SystemCapabilities = {
							com.apple.InterAppAudio = {
								enabled = 0;
							};
						};
					};
					02442A0919985F4400CE46A6 = {
						TestTargetID = 024429E819985F4400CE46A6;
					};
				};
			};
			buildConfigurationList = 024429E419985F4400CE46A6 /* Build configuration list for PBXProject "wa-shoi" */;
			compatibilityVersion = "Xcode 3.2";
			developmentRegion = English;
			hasScannedForEncodings = 0;
			knownRegions = (
				en,
				Base,
			);
			mainGroup = 024429E019985F4400CE46A6;
			productRefGroup = 024429EA19985F4400CE46A6 /* Products */;
			projectDirPath = "";
			projectRoot = "";
			targets = (
				024429E819985F4400CE46A6 /* wa-shoi */,
				02442A0919985F4400CE46A6 /* wa-shoiTests */,
			);
		};
/* End PBXProject section */

/* Begin PBXResourcesBuildPhase section */
		024429E719985F4400CE46A6 /* Resources */ = {
			isa = PBXResourcesBuildPhase;
			buildActionMask = 2147483647;
			files = (
				024C830019AAE4760041AE0C /* start.jpg in Resources */,
				024C830119AAE4760041AE0C /* icon2.png in Resources */,
				732E35F619AD834F001C73CC /* IntroPage2.xib in Resources */,
				024C830219AAE4760041AE0C /* icon1.png in Resources */,
				024C830319AAE4760041AE0C /* account.jpg in Resources */,
				024C830419AAE4760041AE0C /* dance.jpg in Resources */,
				024C830519AAE4760041AE0C /* dot.png in Resources */,
				024C830619AAE4760041AE0C /* arrow2.png in Resources */,
				024C830719AAE4760041AE0C /* dot2.png in Resources */,
				024C830819AAE4760041AE0C /* reverse_arrow.png in Resources */,
				024C82F919AAE1D00041AE0C /* Main.storyboard in Resources */,
				7386132A19B0125E0064836B /* IntroPage3.xib in Resources */,
				024C830C19AB44960041AE0C /* Hirai_wasshoi.m4a in Resources */,
				7386132819B011490064836B /* fuji (1).jpg in Resources */,
				02442A0519985F4400CE46A6 /* Images.xcassets in Resources */,
				732E35F419AD82C1001C73CC /* IntroPage1.xib in Resources */,
				73DAA88219AAD7EA00A024FF /* image5.jpg in Resources */,
				0216C2BE19AC2B6E0085976E /* Hirai_long_wasshoi.mp3 in Resources */,
				024C82FD19AAE3B40041AE0C /* arrow.png in Resources */,
				024429F719985F4400CE46A6 /* InfoPlist.strings in Resources */,
			);
			runOnlyForDeploymentPostprocessing = 0;
		};
		02442A0819985F4400CE46A6 /* Resources */ = {
			isa = PBXResourcesBuildPhase;
			buildActionMask = 2147483647;
			files = (
				02442A1619985F4400CE46A6 /* InfoPlist.strings in Resources */,
			);
			runOnlyForDeploymentPostprocessing = 0;
		};
/* End PBXResourcesBuildPhase section */

/* Begin PBXShellScriptBuildPhase section */
		1FA50169314745189C94E9C9 /* Copy Pods Resources */ = {
			isa = PBXShellScriptBuildPhase;
			buildActionMask = 2147483647;
			files = (
			);
			inputPaths = (
			);
			name = "Copy Pods Resources";
			outputPaths = (
			);
			runOnlyForDeploymentPostprocessing = 0;
			shellPath = /bin/sh;
			shellScript = "\"${SRCROOT}/Pods/Pods-resources.sh\"\n";
			showEnvVarsInLog = 0;
		};
		591458F3AD6C414DB0DD8A99 /* Check Pods Manifest.lock */ = {
			isa = PBXShellScriptBuildPhase;
			buildActionMask = 2147483647;
			files = (
			);
			inputPaths = (
			);
			name = "Check Pods Manifest.lock";
			outputPaths = (
			);
			runOnlyForDeploymentPostprocessing = 0;
			shellPath = /bin/sh;
			shellScript = "diff \"${PODS_ROOT}/../Podfile.lock\" \"${PODS_ROOT}/Manifest.lock\" > /dev/null\nif [[ $? != 0 ]] ; then\n    cat << EOM\nerror: The sandbox is not in sync with the Podfile.lock. Run 'pod install' or update your CocoaPods installation.\nEOM\n    exit 1\nfi\n";
			showEnvVarsInLog = 0;
		};
/* End PBXShellScriptBuildPhase section */

/* Begin PBXSourcesBuildPhase section */
		024429E519985F4400CE46A6 /* Sources */ = {
			isa = PBXSourcesBuildPhase;
			buildActionMask = 2147483647;
			files = (
				029CD61519B6104A00588416 /* FriendListsViewController.m in Sources */,
				024429F919985F4400CE46A6 /* main.m in Sources */,
				02FBD73819B1C03500A746F6 /* Friend.m in Sources */,
				02442A0319985F4400CE46A6 /* MBCViewController.m in Sources */,
				025871B519AAD8D600769290 /* WasshoiViewController.m in Sources */,
				73B90FF819AD77DF003E4852 /* IntroViewController.m in Sources */,
				02F3394519B41778005A2C22 /* UserFormViewController.m in Sources */,
				024429FD19985F4400CE46A6 /* MBCAppDelegate.m in Sources */,
				02D6BFA219AB54770022D839 /* SessionViewController.m in Sources */,
			);
			runOnlyForDeploymentPostprocessing = 0;
		};
		02442A0619985F4400CE46A6 /* Sources */ = {
			isa = PBXSourcesBuildPhase;
			buildActionMask = 2147483647;
			files = (
				02442A1819985F4400CE46A6 /* wa_shoiTests.m in Sources */,
			);
			runOnlyForDeploymentPostprocessing = 0;
		};
/* End PBXSourcesBuildPhase section */

/* Begin PBXTargetDependency section */
		02442A1019985F4400CE46A6 /* PBXTargetDependency */ = {
			isa = PBXTargetDependency;
			target = 024429E819985F4400CE46A6 /* wa-shoi */;
			targetProxy = 02442A0F19985F4400CE46A6 /* PBXContainerItemProxy */;
		};
/* End PBXTargetDependency section */

/* Begin PBXVariantGroup section */
		024429F519985F4400CE46A6 /* InfoPlist.strings */ = {
			isa = PBXVariantGroup;
			children = (
				024429F619985F4400CE46A6 /* en */,
			);
			name = InfoPlist.strings;
			sourceTree = "<group>";
		};
		024429FE19985F4400CE46A6 /* Main.storyboard */ = {
			isa = PBXVariantGroup;
			children = (
				024429FF19985F4400CE46A6 /* Base */,
			);
			name = Main.storyboard;
			sourceTree = "<group>";
		};
		02442A1419985F4400CE46A6 /* InfoPlist.strings */ = {
			isa = PBXVariantGroup;
			children = (
				02442A1519985F4400CE46A6 /* en */,
			);
			name = InfoPlist.strings;
			sourceTree = "<group>";
		};
/* End PBXVariantGroup section */

/* Begin XCBuildConfiguration section */
		02442A1919985F4400CE46A6 /* Debug */ = {
			isa = XCBuildConfiguration;
			buildSettings = {
				ALWAYS_SEARCH_USER_PATHS = NO;
				CLANG_CXX_LANGUAGE_STANDARD = "gnu++0x";
				CLANG_CXX_LIBRARY = "libc++";
				CLANG_ENABLE_MODULES = YES;
				CLANG_ENABLE_OBJC_ARC = YES;
				CLANG_WARN_BOOL_CONVERSION = YES;
				CLANG_WARN_CONSTANT_CONVERSION = YES;
				CLANG_WARN_DIRECT_OBJC_ISA_USAGE = YES_ERROR;
				CLANG_WARN_EMPTY_BODY = YES;
				CLANG_WARN_ENUM_CONVERSION = YES;
				CLANG_WARN_INT_CONVERSION = YES;
				CLANG_WARN_OBJC_ROOT_CLASS = YES_ERROR;
				CLANG_WARN__DUPLICATE_METHOD_MATCH = YES;
				"CODE_SIGN_IDENTITY[sdk=iphoneos*]" = "iPhone Developer";
				COPY_PHASE_STRIP = NO;
				GCC_C_LANGUAGE_STANDARD = gnu99;
				GCC_DYNAMIC_NO_PIC = NO;
				GCC_OPTIMIZATION_LEVEL = 0;
				GCC_PREPROCESSOR_DEFINITIONS = (
					"DEBUG=1",
					"$(inherited)",
				);
				GCC_SYMBOLS_PRIVATE_EXTERN = NO;
				GCC_WARN_64_TO_32_BIT_CONVERSION = YES;
				GCC_WARN_ABOUT_RETURN_TYPE = YES_ERROR;
				GCC_WARN_UNDECLARED_SELECTOR = YES;
				GCC_WARN_UNINITIALIZED_AUTOS = YES_AGGRESSIVE;
				GCC_WARN_UNUSED_FUNCTION = YES;
				GCC_WARN_UNUSED_VARIABLE = YES;
				IPHONEOS_DEPLOYMENT_TARGET = 7.1;
				ONLY_ACTIVE_ARCH = YES;
				SDKROOT = iphoneos;
			};
			name = Debug;
		};
		02442A1A19985F4400CE46A6 /* Release */ = {
			isa = XCBuildConfiguration;
			buildSettings = {
				ALWAYS_SEARCH_USER_PATHS = NO;
				CLANG_CXX_LANGUAGE_STANDARD = "gnu++0x";
				CLANG_CXX_LIBRARY = "libc++";
				CLANG_ENABLE_MODULES = YES;
				CLANG_ENABLE_OBJC_ARC = YES;
				CLANG_WARN_BOOL_CONVERSION = YES;
				CLANG_WARN_CONSTANT_CONVERSION = YES;
				CLANG_WARN_DIRECT_OBJC_ISA_USAGE = YES_ERROR;
				CLANG_WARN_EMPTY_BODY = YES;
				CLANG_WARN_ENUM_CONVERSION = YES;
				CLANG_WARN_INT_CONVERSION = YES;
				CLANG_WARN_OBJC_ROOT_CLASS = YES_ERROR;
				CLANG_WARN__DUPLICATE_METHOD_MATCH = YES;
				"CODE_SIGN_IDENTITY[sdk=iphoneos*]" = "iPhone Developer";
				COPY_PHASE_STRIP = YES;
				ENABLE_NS_ASSERTIONS = NO;
				GCC_C_LANGUAGE_STANDARD = gnu99;
				GCC_WARN_64_TO_32_BIT_CONVERSION = YES;
				GCC_WARN_ABOUT_RETURN_TYPE = YES_ERROR;
				GCC_WARN_UNDECLARED_SELECTOR = YES;
				GCC_WARN_UNINITIALIZED_AUTOS = YES_AGGRESSIVE;
				GCC_WARN_UNUSED_FUNCTION = YES;
				GCC_WARN_UNUSED_VARIABLE = YES;
				IPHONEOS_DEPLOYMENT_TARGET = 7.1;
				SDKROOT = iphoneos;
				VALIDATE_PRODUCT = YES;
			};
			name = Release;
		};
		02442A1C19985F4400CE46A6 /* Debug */ = {
			isa = XCBuildConfiguration;
			baseConfigurationReference = ED9AF92B38474EC594044045 /* Pods.xcconfig */;
			buildSettings = {
				ASSETCATALOG_COMPILER_APPICON_NAME = AppIcon;
				ASSETCATALOG_COMPILER_LAUNCHIMAGE_NAME = LaunchImage;
				CODE_SIGN_IDENTITY = "iPhone Developer";
				"CODE_SIGN_IDENTITY[sdk=iphoneos*]" = "iPhone Developer";
				FRAMEWORK_SEARCH_PATHS = (
					"$(inherited)",
					"$(PROJECT_DIR)",
				);
				GCC_PRECOMPILE_PREFIX_HEADER = YES;
				GCC_PREFIX_HEADER = "wa-shoi/wa-shoi-Prefix.pch";
				INFOPLIST_FILE = "wa-shoi/wa-shoi-Info.plist";
				LIBRARY_SEARCH_PATHS = (
					"$(inherited)",
					"$(PROJECT_DIR)/Pods/build/Debug-iphoneos",
				);
				PRODUCT_NAME = "$(TARGET_NAME)";
				PROVISIONING_PROFILE = "0fff7524-33f2-418e-be34-fa31a8313386";
				"PROVISIONING_PROFILE[sdk=*]" = "";
				WRAPPER_EXTENSION = app;
			};
			name = Debug;
		};
		02442A1D19985F4400CE46A6 /* Release */ = {
			isa = XCBuildConfiguration;
			baseConfigurationReference = ED9AF92B38474EC594044045 /* Pods.xcconfig */;
			buildSettings = {
				ASSETCATALOG_COMPILER_APPICON_NAME = AppIcon;
				ASSETCATALOG_COMPILER_LAUNCHIMAGE_NAME = LaunchImage;
				CODE_SIGN_IDENTITY = "iPhone Developer";
				"CODE_SIGN_IDENTITY[sdk=iphoneos*]" = "iPhone Developer";
				FRAMEWORK_SEARCH_PATHS = (
					"$(inherited)",
					"$(PROJECT_DIR)",
				);
				GCC_PRECOMPILE_PREFIX_HEADER = YES;
				GCC_PREFIX_HEADER = "wa-shoi/wa-shoi-Prefix.pch";
				INFOPLIST_FILE = "wa-shoi/wa-shoi-Info.plist";
				LIBRARY_SEARCH_PATHS = (
					"$(inherited)",
					"$(PROJECT_DIR)/Pods/build/Debug-iphoneos",
				);
				PRODUCT_NAME = "$(TARGET_NAME)";
				PROVISIONING_PROFILE = "0fff7524-33f2-418e-be34-fa31a8313386";
				WRAPPER_EXTENSION = app;
			};
			name = Release;
		};
		02442A1F19985F4400CE46A6 /* Debug */ = {
			isa = XCBuildConfiguration;
			buildSettings = {
				BUNDLE_LOADER = "$(BUILT_PRODUCTS_DIR)/wa-shoi.app/wa-shoi";
				FRAMEWORK_SEARCH_PATHS = (
					"$(SDKROOT)/Developer/Library/Frameworks",
					"$(inherited)",
					"$(DEVELOPER_FRAMEWORKS_DIR)",
				);
				GCC_PRECOMPILE_PREFIX_HEADER = YES;
				GCC_PREFIX_HEADER = "wa-shoi/wa-shoi-Prefix.pch";
				GCC_PREPROCESSOR_DEFINITIONS = (
					"DEBUG=1",
					"$(inherited)",
				);
				INFOPLIST_FILE = "wa-shoiTests/wa-shoiTests-Info.plist";
				PRODUCT_NAME = "$(TARGET_NAME)";
				TEST_HOST = "$(BUNDLE_LOADER)";
				WRAPPER_EXTENSION = xctest;
			};
			name = Debug;
		};
		02442A2019985F4400CE46A6 /* Release */ = {
			isa = XCBuildConfiguration;
			buildSettings = {
				BUNDLE_LOADER = "$(BUILT_PRODUCTS_DIR)/wa-shoi.app/wa-shoi";
				FRAMEWORK_SEARCH_PATHS = (
					"$(SDKROOT)/Developer/Library/Frameworks",
					"$(inherited)",
					"$(DEVELOPER_FRAMEWORKS_DIR)",
				);
				GCC_PRECOMPILE_PREFIX_HEADER = YES;
				GCC_PREFIX_HEADER = "wa-shoi/wa-shoi-Prefix.pch";
				INFOPLIST_FILE = "wa-shoiTests/wa-shoiTests-Info.plist";
				PRODUCT_NAME = "$(TARGET_NAME)";
				TEST_HOST = "$(BUNDLE_LOADER)";
				WRAPPER_EXTENSION = xctest;
			};
			name = Release;
		};
/* End XCBuildConfiguration section */

/* Begin XCConfigurationList section */
		024429E419985F4400CE46A6 /* Build configuration list for PBXProject "wa-shoi" */ = {
			isa = XCConfigurationList;
			buildConfigurations = (
				02442A1919985F4400CE46A6 /* Debug */,
				02442A1A19985F4400CE46A6 /* Release */,
			);
			defaultConfigurationIsVisible = 0;
			defaultConfigurationName = Release;
		};
		02442A1B19985F4400CE46A6 /* Build configuration list for PBXNativeTarget "wa-shoi" */ = {
			isa = XCConfigurationList;
			buildConfigurations = (
				02442A1C19985F4400CE46A6 /* Debug */,
				02442A1D19985F4400CE46A6 /* Release */,
			);
			defaultConfigurationIsVisible = 0;
			defaultConfigurationName = Release;
		};
		02442A1E19985F4400CE46A6 /* Build configuration list for PBXNativeTarget "wa-shoiTests" */ = {
			isa = XCConfigurationList;
			buildConfigurations = (
				02442A1F19985F4400CE46A6 /* Debug */,
				02442A2019985F4400CE46A6 /* Release */,
			);
			defaultConfigurationIsVisible = 0;
			defaultConfigurationName = Release;
		};
/* End XCConfigurationList section */
	};
	rootObject = 024429E119985F4400CE46A6 /* Project object */;
}
